# @generated by Move, please check-in and do not edit manually.

[move]
version = 3
manifest_digest = "75AD28CC1925D6780E25FA86A3220EA3AB692A12402F08EEB294F44B8BE151B6"
deps_digest = "F8BBB0CCB2491CA29A3DF03D6F92277A4F3574266507ACD77214D37ECA3F3082"
dependencies = [
  { id = "Sui", name = "Sui" },
]

[[move.package]]
id = "MoveStdlib"
source = { git = "https://github.com/MystenLabs/sui.git", rev = "041c5f2bae2fe52079e44b70514333532d69f4e6", subdir = "crates/sui-framework/packages/move-stdlib" }

[[move.package]]
id = "Sui"
source = { git = "https://github.com/MystenLabs/sui.git", rev = "041c5f2bae2fe52079e44b70514333532d69f4e6", subdir = "crates/sui-framework/packages/sui-framework" }

dependencies = [
  { id = "MoveStdlib", name = "MoveStdlib" },
]

[move.toolchain-version]
compiler-version = "1.39.3"
edition = "2024.beta"
flavor = "sui"
